
Microsoft Visual Studio Solution File, Format Version 12.00
# Visual Studio Version 16
VisualStudioVersion = 16.0.32901.82
MinimumVisualStudioVersion = 10.0.40219.1
Project("{9A19103F-16F7-4668-BE54-9A1E7A4F7556}") = "Ti.Questions.API", "Questions.API\Ti.Questions.API.csproj", "{3F57E490-A223-48C4-94F2-54B2D1B9BA1A}"
EndProject
Project("{9A19103F-16F7-4668-BE54-9A1E7A4F7556}") = "Ti.Questions.Core", "Questions.Core\Ti.Questions.Core.csproj", "{874846D0-CBBC-4F19-A58D-45A79E3F3C48}"
EndProject
Project("{9A19103F-16F7-4668-BE54-9A1E7A4F7556}") = "Ti.Questions.Models", "Questions.Models\Ti.Questions.Models.csproj", "{AA95F568-629C-42F9-93ED-630B720489FA}"
EndProject
Project("{9A19103F-16F7-4668-BE54-9A1E7A4F7556}") = "Ti.Questions.Data", "Questions.Data\Ti.Questions.Data.csproj", "{1D8B411C-AABE-4D67-BFAA-8CE6562AC9EC}"
EndProject
Project("{9A19103F-16F7-4668-BE54-9A1E7A4F7556}") = "Ti.Questions.DataMigrations", "Questions.DataMigrations\Ti.Questions.DataMigrations.csproj", "{2CEC36D3-DD21-4A67-B538-61720AB5DB08}"
EndProject
Project("{9A19103F-16F7-4668-BE54-9A1E7A4F7556}") = "Ti.Questions", "Questions\Ti.Questions.csproj", "{5DD2F39E-7C02-494B-A67B-1F4DF06C7422}"
EndProject
Project("{2150E333-8FDC-42A3-9474-1A3956D46DE8}") = "tests", "tests", "{0C2C6EA9-2418-485B-8D15-58F6A44E8AD6}"
EndProject
Project("{2150E333-8FDC-42A3-9474-1A3956D46DE8}") = "modules", "modules", "{2DA51A28-C68C-4D08-A6EE-80AF9559417D}"
EndProject
Project("{2150E333-8FDC-42A3-9474-1A3956D46DE8}") = "data", "data", "{2775D880-8AE7-4127-9BDF-E47533941F20}"
EndProject
Project("{2150E333-8FDC-42A3-9474-1A3956D46DE8}") = "shared", "shared", "{D9BBC179-892C-4987-84F8-A857BE1897ED}"
EndProject
Project("{2150E333-8FDC-42A3-9474-1A3956D46DE8}") = "apis", "apis", "{B39B10CF-FBAE-4999-9617-C5DCE842C6BD}"
EndProject
Project("{9A19103F-16F7-4668-BE54-9A1E7A4F7556}") = "Ti.Questions.Blob.Module", "Questions.Blob.Module\Ti.Questions.Blob.Module.csproj", "{3C4D3246-B094-4899-867A-5C47A5E796DC}"
EndProject
Project("{2150E333-8FDC-42A3-9474-1A3956D46DE8}") = "integrations", "integrations", "{81E29D76-4CA4-4F46-B332-9833BCD73709}"
EndProject
Project("{2150E333-8FDC-42A3-9474-1A3956D46DE8}") = "units", "units", "{5FC8B1E6-55EC-48AC-A14D-AE564F11AE86}"
EndProject
Project("{9A19103F-16F7-4668-BE54-9A1E7A4F7556}") = "Ti.Questions.API.IntegrationTests", "Questions.API.IntegrationTests\Ti.Questions.API.IntegrationTests.csproj", "{85889A0E-7C81-42F6-8988-0486F0DD5F47}"
EndProject
Project("{9A19103F-16F7-4668-BE54-9A1E7A4F7556}") = "Ti.Questions.Core.UnitTests", "Questions.Core.UnitTests\Ti.Questions.Core.UnitTests.csproj", "{7B02DD79-DA28-4502-A014-28F563A37462}"
EndProject
Project("{9A19103F-16F7-4668-BE54-9A1E7A4F7556}") = "Ti.Questions.UnitTests", "Questions.UnitTests\Ti.Questions.UnitTests.csproj", "{9C059196-795B-4008-B065-070E3CC4AAFB}"
EndProject
Project("{2150E333-8FDC-42A3-9474-1A3956D46DE8}") = "idsv4", "idsv4", "{A1FF7F7D-7EFF-4E3F-A29B-6B1E60DC40C0}"
EndProject
Global
	GlobalSection(SolutionConfigurationPlatforms) = preSolution
		Debug|Any CPU = Debug|Any CPU
		Release|Any CPU = Release|Any CPU
	EndGlobalSection
	GlobalSection(ProjectConfigurationPlatforms) = postSolution
		{3F57E490-A223-48C4-94F2-54B2D1B9BA1A}.Debug|Any CPU.ActiveCfg = Debug|Any CPU
		{3F57E490-A223-48C4-94F2-54B2D1B9BA1A}.Debug|Any CPU.Build.0 = Debug|Any CPU
		{3F57E490-A223-48C4-94F2-54B2D1B9BA1A}.Release|Any CPU.ActiveCfg = Release|Any CPU
		{3F57E490-A223-48C4-94F2-54B2D1B9BA1A}.Release|Any CPU.Build.0 = Release|Any CPU
		{874846D0-CBBC-4F19-A58D-45A79E3F3C48}.Debug|Any CPU.ActiveCfg = Debug|Any CPU
		{874846D0-CBBC-4F19-A58D-45A79E3F3C48}.Debug|Any CPU.Build.0 = Debug|Any CPU
		{874846D0-CBBC-4F19-A58D-45A79E3F3C48}.Release|Any CPU.ActiveCfg = Release|Any CPU
		{874846D0-CBBC-4F19-A58D-45A79E3F3C48}.Release|Any CPU.Build.0 = Release|Any CPU
		{AA95F568-629C-42F9-93ED-630B720489FA}.Debug|Any CPU.ActiveCfg = Debug|Any CPU
		{AA95F568-629C-42F9-93ED-630B720489FA}.Debug|Any CPU.Build.0 = Debug|Any CPU
		{AA95F568-629C-42F9-93ED-630B720489FA}.Release|Any CPU.ActiveCfg = Release|Any CPU
		{AA95F568-629C-42F9-93ED-630B720489FA}.Release|Any CPU.Build.0 = Release|Any CPU
		{1D8B411C-AABE-4D67-BFAA-8CE6562AC9EC}.Debug|Any CPU.ActiveCfg = Debug|Any CPU
		{1D8B411C-AABE-4D67-BFAA-8CE6562AC9EC}.Debug|Any CPU.Build.0 = Debug|Any CPU
		{1D8B411C-AABE-4D67-BFAA-8CE6562AC9EC}.Release|Any CPU.ActiveCfg = Release|Any CPU
		{1D8B411C-AABE-4D67-BFAA-8CE6562AC9EC}.Release|Any CPU.Build.0 = Release|Any CPU
		{2CEC36D3-DD21-4A67-B538-61720AB5DB08}.Debug|Any CPU.ActiveCfg = Debug|Any CPU
		{2CEC36D3-DD21-4A67-B538-61720AB5DB08}.Debug|Any CPU.Build.0 = Debug|Any CPU
		{2CEC36D3-DD21-4A67-B538-61720AB5DB08}.Release|Any CPU.ActiveCfg = Release|Any CPU
		{2CEC36D3-DD21-4A67-B538-61720AB5DB08}.Release|Any CPU.Build.0 = Release|Any CPU
		{5DD2F39E-7C02-494B-A67B-1F4DF06C7422}.Debug|Any CPU.ActiveCfg = Debug|Any CPU
		{5DD2F39E-7C02-494B-A67B-1F4DF06C7422}.Debug|Any CPU.Build.0 = Debug|Any CPU
		{5DD2F39E-7C02-494B-A67B-1F4DF06C7422}.Release|Any CPU.ActiveCfg = Release|Any CPU
		{5DD2F39E-7C02-494B-A67B-1F4DF06C7422}.Release|Any CPU.Build.0 = Release|Any CPU
		{3C4D3246-B094-4899-867A-5C47A5E796DC}.Debug|Any CPU.ActiveCfg = Debug|Any CPU
		{3C4D3246-B094-4899-867A-5C47A5E796DC}.Debug|Any CPU.Build.0 = Debug|Any CPU
		{3C4D3246-B094-4899-867A-5C47A5E796DC}.Release|Any CPU.ActiveCfg = Release|Any CPU
		{3C4D3246-B094-4899-867A-5C47A5E796DC}.Release|Any CPU.Build.0 = Release|Any CPU
		{85889A0E-7C81-42F6-8988-0486F0DD5F47}.Debug|Any CPU.ActiveCfg = Debug|Any CPU
		{85889A0E-7C81-42F6-8988-0486F0DD5F47}.Debug|Any CPU.Build.0 = Debug|Any CPU
		{85889A0E-7C81-42F6-8988-0486F0DD5F47}.Release|Any CPU.ActiveCfg = Release|Any CPU
		{85889A0E-7C81-42F6-8988-0486F0DD5F47}.Release|Any CPU.Build.0 = Release|Any CPU
		{7B02DD79-DA28-4502-A014-28F563A37462}.Debug|Any CPU.ActiveCfg = Debug|Any CPU
		{7B02DD79-DA28-4502-A014-28F563A37462}.Debug|Any CPU.Build.0 = Debug|Any CPU
		{7B02DD79-DA28-4502-A014-28F563A37462}.Release|Any CPU.ActiveCfg = Release|Any CPU
		{7B02DD79-DA28-4502-A014-28F563A37462}.Release|Any CPU.Build.0 = Release|Any CPU
		{9C059196-795B-4008-B065-070E3CC4AAFB}.Debug|Any CPU.ActiveCfg = Debug|Any CPU
		{9C059196-795B-4008-B065-070E3CC4AAFB}.Debug|Any CPU.Build.0 = Debug|Any CPU
		{9C059196-795B-4008-B065-070E3CC4AAFB}.Release|Any CPU.ActiveCfg = Release|Any CPU
		{9C059196-795B-4008-B065-070E3CC4AAFB}.Release|Any CPU.Build.0 = Release|Any CPU
	EndGlobalSection
	GlobalSection(SolutionProperties) = preSolution
		HideSolutionNode = FALSE
	EndGlobalSection
	GlobalSection(NestedProjects) = preSolution
		{3F57E490-A223-48C4-94F2-54B2D1B9BA1A} = {B39B10CF-FBAE-4999-9617-C5DCE842C6BD}
		{874846D0-CBBC-4F19-A58D-45A79E3F3C48} = {D9BBC179-892C-4987-84F8-A857BE1897ED}
		{AA95F568-629C-42F9-93ED-630B720489FA} = {2775D880-8AE7-4127-9BDF-E47533941F20}
		{1D8B411C-AABE-4D67-BFAA-8CE6562AC9EC} = {2775D880-8AE7-4127-9BDF-E47533941F20}
		{2CEC36D3-DD21-4A67-B538-61720AB5DB08} = {2775D880-8AE7-4127-9BDF-E47533941F20}
		{5DD2F39E-7C02-494B-A67B-1F4DF06C7422} = {D9BBC179-892C-4987-84F8-A857BE1897ED}
		{3C4D3246-B094-4899-867A-5C47A5E796DC} = {2DA51A28-C68C-4D08-A6EE-80AF9559417D}
		{81E29D76-4CA4-4F46-B332-9833BCD73709} = {0C2C6EA9-2418-485B-8D15-58F6A44E8AD6}
		{5FC8B1E6-55EC-48AC-A14D-AE564F11AE86} = {0C2C6EA9-2418-485B-8D15-58F6A44E8AD6}
		{85889A0E-7C81-42F6-8988-0486F0DD5F47} = {81E29D76-4CA4-4F46-B332-9833BCD73709}
		{7B02DD79-DA28-4502-A014-28F563A37462} = {5FC8B1E6-55EC-48AC-A14D-AE564F11AE86}
		{9C059196-795B-4008-B065-070E3CC4AAFB} = {5FC8B1E6-55EC-48AC-A14D-AE564F11AE86}
	EndGlobalSection
	GlobalSection(ExtensibilityGlobals) = postSolution
		SolutionGuid = {E2C2CF0F-5203-43A3-B60E-49DFD17F13CA}
	EndGlobalSection
EndGlobal
